PODS:
  - CNLDataProvider (0.0.7):
    - CNLFoundationTools
    - CNLUIKitTools
  - CNLFoundationTools (0.0.15)
  - CNLUIKitTools (0.0.17):
    - CNLFoundationTools

DEPENDENCIES:
  - CNLDataProvider (from `https://github.com/megavolt605/CNLDataProvider`, branch `swift4`)
  - CNLFoundationTools (from `https://github.com/megavolt605/CNLFoundationTools`, branch `swift4`)
  - CNLUIKitTools (from `https://github.com/megavolt605/CNLUIKitTools`, branch `swift4`)

EXTERNAL SOURCES:
  CNLDataProvider:
    :branch: swift4
    :git: https://github.com/megavolt605/CNLDataProvider
  CNLFoundationTools:
    :branch: swift4
    :git: https://github.com/megavolt605/CNLFoundationTools
  CNLUIKitTools:
    :branch: swift4
    :git: https://github.com/megavolt605/CNLUIKitTools

CHECKOUT OPTIONS:
  CNLDataProvider:
    :commit: ceca3421e5953302bcd0a37e3055e1d25b52dae9
    :git: https://github.com/megavolt605/CNLDataProvider
  CNLFoundationTools:
    :commit: db2d9e3803303dd00a599a471406459df182d354
    :git: https://github.com/megavolt605/CNLFoundationTools
  CNLUIKitTools:
    :commit: 6361e1e10c5959d318e432e2047e2f2cf2c63fb7
    :git: https://github.com/megavolt605/CNLUIKitTools

SPEC CHECKSUMS:
  CNLDataProvider: cc46bada8327467d23392494e73e6f93674f8a92
  CNLFoundationTools: 03ccf6e13a5fdba3a64671b09b2d2770183425e4
  CNLUIKitTools: e94a8ae52f86d5f2a6d4642eea1f7a26a684b73c

PODFILE CHECKSUM: 42af0e0f4d2ecd6e825b290b7ba7fb1e84485c5f

COCOAPODS: 1.3.0.beta.3
