// !$*UTF8*$!
{
	archiveVersion = 1;
	classes = {
	};
	objectVersion = 46;
	objects = {

/* Begin PBXBuildFile section */
		33D758473FAFCB353C468933 /* Pods.framework in Frameworks */ = {isa = PBXBuildFile; fileRef = AC5C8C89A01537ADB22F7FAA /* Pods.framework */; settings = {ATTRIBUTES = (Weak, ); }; };
		78260ECA1BB08B0C006ADF68 /* CNProgramTableViewCell.swift in Sources */ = {isa = PBXBuildFile; fileRef = 78260EC91BB08B0C006ADF68 /* CNProgramTableViewCell.swift */; settings = {ASSET_TAGS = (); }; };
		7856FA7D1B9E01B40037E99F /* AppDelegate.swift in Sources */ = {isa = PBXBuildFile; fileRef = 7856FA7C1B9E01B40037E99F /* AppDelegate.swift */; };
		7856FA7F1B9E01B40037E99F /* ViewController.swift in Sources */ = {isa = PBXBuildFile; fileRef = 7856FA7E1B9E01B40037E99F /* ViewController.swift */; };
		7856FA821B9E01B40037E99F /* Main.storyboard in Resources */ = {isa = PBXBuildFile; fileRef = 7856FA801B9E01B40037E99F /* Main.storyboard */; };
		7856FA841B9E01B40037E99F /* Images.xcassets in Resources */ = {isa = PBXBuildFile; fileRef = 7856FA831B9E01B40037E99F /* Images.xcassets */; };
		7856FA871B9E01B40037E99F /* LaunchScreen.xib in Resources */ = {isa = PBXBuildFile; fileRef = 7856FA851B9E01B40037E99F /* LaunchScreen.xib */; };
		7856FA931B9E01B40037E99F /* CNExpressionTests.swift in Sources */ = {isa = PBXBuildFile; fileRef = 7856FA921B9E01B40037E99F /* CNExpressionTests.swift */; };
		785E7A761BB475FB00998ADB /* CNVisualElements.swift in Sources */ = {isa = PBXBuildFile; fileRef = 785E7A751BB475FB00998ADB /* CNVisualElements.swift */; settings = {ASSET_TAGS = (); }; };
		785E7A781BB7F29100998ADB /* CNBlockVisual.swift in Sources */ = {isa = PBXBuildFile; fileRef = 785E7A771BB7F29100998ADB /* CNBlockVisual.swift */; settings = {ASSET_TAGS = (); }; };
		78C0D3611BB03E2200CCCE70 /* CNProgramTableViewDataSource.swift in Sources */ = {isa = PBXBuildFile; fileRef = 78C0D3601BB03E2200CCCE70 /* CNProgramTableViewDataSource.swift */; settings = {ASSET_TAGS = (); }; };
		78C0D3B11BB9418300CCCE70 /* CNLogoCore.framework in Frameworks */ = {isa = PBXBuildFile; fileRef = 78C0D3AE1BB940E300CCCE70 /* CNLogoCore.framework */; };
		78FDE94F1B9E1B2600AAFB1D /* CNFieldView.swift in Sources */ = {isa = PBXBuildFile; fileRef = 78FDE94E1B9E1B2600AAFB1D /* CNFieldView.swift */; settings = {ASSET_TAGS = (); }; };
/* End PBXBuildFile section */

/* Begin PBXContainerItemProxy section */
		7856FA8D1B9E01B40037E99F /* PBXContainerItemProxy */ = {
			isa = PBXContainerItemProxy;
			containerPortal = 7856FA6F1B9E01B40037E99F /* Project object */;
			proxyType = 1;
			remoteGlobalIDString = 7856FA761B9E01B40037E99F;
			remoteInfo = CNLogo;
		};
		78C0D3AD1BB940E300CCCE70 /* PBXContainerItemProxy */ = {
			isa = PBXContainerItemProxy;
			containerPortal = 78C0D3A81BB940E300CCCE70 /* CNLogoCore.xcodeproj */;
			proxyType = 2;
			remoteGlobalIDString = 78C0D38E1BB9407200CCCE70;
			remoteInfo = CNLogoCore;
		};
		78C0D3AF1BB940E300CCCE70 /* PBXContainerItemProxy */ = {
			isa = PBXContainerItemProxy;
			containerPortal = 78C0D3A81BB940E300CCCE70 /* CNLogoCore.xcodeproj */;
			proxyType = 2;
			remoteGlobalIDString = 78C0D3981BB9407200CCCE70;
			remoteInfo = CNLogoCoreTests;
		};
/* End PBXContainerItemProxy section */

/* Begin PBXFileReference section */
		78260EC91BB08B0C006ADF68 /* CNProgramTableViewCell.swift */ = {isa = PBXFileReference; fileEncoding = 4; lastKnownFileType = sourcecode.swift; path = CNProgramTableViewCell.swift; sourceTree = "<group>"; };
		78260ECD1BB09FCD006ADF68 /* ScreenShot.png */ = {isa = PBXFileReference; lastKnownFileType = image.png; name = ScreenShot.png; path = ../ScreenShot.png; sourceTree = "<group>"; };
		78260ED21BB0A0F2006ADF68 /* README.md */ = {isa = PBXFileReference; fileEncoding = 4; lastKnownFileType = net.daringfireball.markdown; path = README.md; sourceTree = SOURCE_ROOT; };
		7856FA771B9E01B40037E99F /* CNLogo.app */ = {isa = PBXFileReference; explicitFileType = wrapper.application; includeInIndex = 0; path = CNLogo.app; sourceTree = BUILT_PRODUCTS_DIR; };
		7856FA7B1B9E01B40037E99F /* Info.plist */ = {isa = PBXFileReference; lastKnownFileType = text.plist.xml; path = Info.plist; sourceTree = "<group>"; };
		7856FA7C1B9E01B40037E99F /* AppDelegate.swift */ = {isa = PBXFileReference; lastKnownFileType = sourcecode.swift; path = AppDelegate.swift; sourceTree = "<group>"; };
		7856FA7E1B9E01B40037E99F /* ViewController.swift */ = {isa = PBXFileReference; lastKnownFileType = sourcecode.swift; path = ViewController.swift; sourceTree = "<group>"; };
		7856FA811B9E01B40037E99F /* Base */ = {isa = PBXFileReference; lastKnownFileType = file.storyboard; name = Base; path = Base.lproj/Main.storyboard; sourceTree = "<group>"; };
		7856FA831B9E01B40037E99F /* Images.xcassets */ = {isa = PBXFileReference; lastKnownFileType = folder.assetcatalog; path = Images.xcassets; sourceTree = "<group>"; };
		7856FA861B9E01B40037E99F /* Base */ = {isa = PBXFileReference; lastKnownFileType = file.xib; name = Base; path = Base.lproj/LaunchScreen.xib; sourceTree = "<group>"; };
		7856FA8C1B9E01B40037E99F /* CNLogoTests.xctest */ = {isa = PBXFileReference; explicitFileType = wrapper.cfbundle; includeInIndex = 0; path = CNLogoTests.xctest; sourceTree = BUILT_PRODUCTS_DIR; };
		7856FA911B9E01B40037E99F /* Info.plist */ = {isa = PBXFileReference; lastKnownFileType = text.plist.xml; path = Info.plist; sourceTree = "<group>"; };
		7856FA921B9E01B40037E99F /* CNExpressionTests.swift */ = {isa = PBXFileReference; lastKnownFileType = sourcecode.swift; path = CNExpressionTests.swift; sourceTree = "<group>"; };
		785E7A751BB475FB00998ADB /* CNVisualElements.swift */ = {isa = PBXFileReference; fileEncoding = 4; lastKnownFileType = sourcecode.swift; path = CNVisualElements.swift; sourceTree = "<group>"; };
		785E7A771BB7F29100998ADB /* CNBlockVisual.swift */ = {isa = PBXFileReference; fileEncoding = 4; lastKnownFileType = sourcecode.swift; path = CNBlockVisual.swift; sourceTree = "<group>"; };
		78C0D3601BB03E2200CCCE70 /* CNProgramTableViewDataSource.swift */ = {isa = PBXFileReference; fileEncoding = 4; lastKnownFileType = sourcecode.swift; path = CNProgramTableViewDataSource.swift; sourceTree = "<group>"; };
		78C0D3A81BB940E300CCCE70 /* CNLogoCore.xcodeproj */ = {isa = PBXFileReference; lastKnownFileType = "wrapper.pb-project"; path = CNLogoCore.xcodeproj; sourceTree = "<group>"; };
		78FDE94E1B9E1B2600AAFB1D /* CNFieldView.swift */ = {isa = PBXFileReference; fileEncoding = 4; lastKnownFileType = sourcecode.swift; path = CNFieldView.swift; sourceTree = "<group>"; };
		AC5C8C89A01537ADB22F7FAA /* Pods.framework */ = {isa = PBXFileReference; explicitFileType = wrapper.framework; includeInIndex = 0; path = Pods.framework; sourceTree = BUILT_PRODUCTS_DIR; };
		B989B2914AC7026F8A6F03B1 /* Pods.debug.xcconfig */ = {isa = PBXFileReference; includeInIndex = 1; lastKnownFileType = text.xcconfig; name = Pods.debug.xcconfig; path = "Pods/Target Support Files/Pods/Pods.debug.xcconfig"; sourceTree = "<group>"; };
		C8C072BC8E904167F5F16AE6 /* Pods.release.xcconfig */ = {isa = PBXFileReference; includeInIndex = 1; lastKnownFileType = text.xcconfig; name = Pods.release.xcconfig; path = "Pods/Target Support Files/Pods/Pods.release.xcconfig"; sourceTree = "<group>"; };
/* End PBXFileReference section */

/* Begin PBXFrameworksBuildPhase section */
		7856FA741B9E01B40037E99F /* Frameworks */ = {
			isa = PBXFrameworksBuildPhase;
			buildActionMask = 2147483647;
			files = (
				78C0D3B11BB9418300CCCE70 /* CNLogoCore.framework in Frameworks */,
				33D758473FAFCB353C468933 /* Pods.framework in Frameworks */,
			);
			runOnlyForDeploymentPostprocessing = 0;
		};
		7856FA891B9E01B40037E99F /* Frameworks */ = {
			isa = PBXFrameworksBuildPhase;
			buildActionMask = 2147483647;
			files = (
			);
			runOnlyForDeploymentPostprocessing = 0;
		};
/* End PBXFrameworksBuildPhase section */

/* Begin PBXGroup section */
		5B8A64F6A97A6B62BC6AE2F0 /* Pods */ = {
			isa = PBXGroup;
			children = (
				B989B2914AC7026F8A6F03B1 /* Pods.debug.xcconfig */,
				C8C072BC8E904167F5F16AE6 /* Pods.release.xcconfig */,
			);
			name = Pods;
			sourceTree = "<group>";
		};
		5D6231D341B42C29B173064C /* Frameworks */ = {
			isa = PBXGroup;
			children = (
				78C0D3A81BB940E300CCCE70 /* CNLogoCore.xcodeproj */,
				AC5C8C89A01537ADB22F7FAA /* Pods.framework */,
			);
			name = Frameworks;
			sourceTree = "<group>";
		};
		7856FA6E1B9E01B40037E99F = {
			isa = PBXGroup;
			children = (
				7856FA791B9E01B40037E99F /* CNLogo */,
				7856FA8F1B9E01B40037E99F /* CNLogoTests */,
				7856FA781B9E01B40037E99F /* Products */,
				5B8A64F6A97A6B62BC6AE2F0 /* Pods */,
				5D6231D341B42C29B173064C /* Frameworks */,
			);
			sourceTree = "<group>";
		};
		7856FA781B9E01B40037E99F /* Products */ = {
			isa = PBXGroup;
			children = (
				7856FA771B9E01B40037E99F /* CNLogo.app */,
				7856FA8C1B9E01B40037E99F /* CNLogoTests.xctest */,
			);
			name = Products;
			sourceTree = "<group>";
		};
		7856FA791B9E01B40037E99F /* CNLogo */ = {
			isa = PBXGroup;
			children = (
				78C0D3CE1BB95E1900CCCE70 /* Classes */,
				78C0D35F1BB03D2B00CCCE70 /* User Interface */,
				78C0D3CF1BB95E2800CCCE70 /* Resources */,
				7856FA7A1B9E01B40037E99F /* Supporting Files */,
			);
			path = CNLogo;
			sourceTree = "<group>";
		};
		7856FA7A1B9E01B40037E99F /* Supporting Files */ = {
			isa = PBXGroup;
			children = (
				7856FA7C1B9E01B40037E99F /* AppDelegate.swift */,
				78260ECD1BB09FCD006ADF68 /* ScreenShot.png */,
				78260ED21BB0A0F2006ADF68 /* README.md */,
				7856FA7B1B9E01B40037E99F /* Info.plist */,
			);
			name = "Supporting Files";
			sourceTree = "<group>";
		};
		7856FA8F1B9E01B40037E99F /* CNLogoTests */ = {
			isa = PBXGroup;
			children = (
				7856FA921B9E01B40037E99F /* CNExpressionTests.swift */,
				7856FA901B9E01B40037E99F /* Supporting Files */,
			);
			path = CNLogoTests;
			sourceTree = "<group>";
		};
		7856FA901B9E01B40037E99F /* Supporting Files */ = {
			isa = PBXGroup;
			children = (
				7856FA911B9E01B40037E99F /* Info.plist */,
			);
			name = "Supporting Files";
			sourceTree = "<group>";
		};
		78C0D35F1BB03D2B00CCCE70 /* User Interface */ = {
			isa = PBXGroup;
			children = (
				7856FA7E1B9E01B40037E99F /* ViewController.swift */,
				78FDE94E1B9E1B2600AAFB1D /* CNFieldView.swift */,
				78260EC91BB08B0C006ADF68 /* CNProgramTableViewCell.swift */,
				78C0D3601BB03E2200CCCE70 /* CNProgramTableViewDataSource.swift */,
			);
			name = "User Interface";
			sourceTree = "<group>";
		};
		78C0D3A91BB940E300CCCE70 /* Products */ = {
			isa = PBXGroup;
			children = (
				78C0D3AE1BB940E300CCCE70 /* CNLogoCore.framework */,
				78C0D3B01BB940E300CCCE70 /* CNLogoCoreTests.xctest */,
			);
			name = Products;
			sourceTree = "<group>";
		};
		78C0D3CE1BB95E1900CCCE70 /* Classes */ = {
			isa = PBXGroup;
			children = (
				785E7A771BB7F29100998ADB /* CNBlockVisual.swift */,
				785E7A751BB475FB00998ADB /* CNVisualElements.swift */,
			);
			name = Classes;
			sourceTree = "<group>";
		};
		78C0D3CF1BB95E2800CCCE70 /* Resources */ = {
			isa = PBXGroup;
			children = (
				7856FA801B9E01B40037E99F /* Main.storyboard */,
				7856FA831B9E01B40037E99F /* Images.xcassets */,
				7856FA851B9E01B40037E99F /* LaunchScreen.xib */,
			);
			name = Resources;
			sourceTree = "<group>";
		};
/* End PBXGroup section */

/* Begin PBXNativeTarget section */
		7856FA761B9E01B40037E99F /* CNLogo */ = {
			isa = PBXNativeTarget;
			buildConfigurationList = 7856FA961B9E01B40037E99F /* Build configuration list for PBXNativeTarget "CNLogo" */;
			buildPhases = (
				97EFE4D1E1111003301D910C /* Check Pods Manifest.lock */,
				7856FA731B9E01B40037E99F /* Sources */,
				7856FA741B9E01B40037E99F /* Frameworks */,
				7856FA751B9E01B40037E99F /* Resources */,
				76A8D1692B59DECC1443D85D /* Embed Pods Frameworks */,
				638267E109337074A0201EED /* Copy Pods Resources */,
			);
			buildRules = (
			);
			dependencies = (
			);
			name = CNLogo;
			productName = CNLogo;
			productReference = 7856FA771B9E01B40037E99F /* CNLogo.app */;
			productType = "com.apple.product-type.application";
		};
		7856FA8B1B9E01B40037E99F /* CNLogoTests */ = {
			isa = PBXNativeTarget;
			buildConfigurationList = 7856FA991B9E01B40037E99F /* Build configuration list for PBXNativeTarget "CNLogoTests" */;
			buildPhases = (
				7856FA881B9E01B40037E99F /* Sources */,
				7856FA891B9E01B40037E99F /* Frameworks */,
				7856FA8A1B9E01B40037E99F /* Resources */,
			);
			buildRules = (
			);
			dependencies = (
				7856FA8E1B9E01B40037E99F /* PBXTargetDependency */,
			);
			name = CNLogoTests;
			productName = CNLogoTests;
			productReference = 7856FA8C1B9E01B40037E99F /* CNLogoTests.xctest */;
			productType = "com.apple.product-type.bundle.unit-test";
		};
/* End PBXNativeTarget section */

/* Begin PBXProject section */
		7856FA6F1B9E01B40037E99F /* Project object */ = {
			isa = PBXProject;
			attributes = {
				LastSwiftUpdateCheck = 0700;
				LastUpgradeCheck = 0700;
				ORGANIZATIONNAME = "Complex Numbers";
				TargetAttributes = {
					7856FA761B9E01B40037E99F = {
						CreatedOnToolsVersion = 6.4;
					};
					7856FA8B1B9E01B40037E99F = {
						CreatedOnToolsVersion = 6.4;
					};
				};
			};
			buildConfigurationList = 7856FA721B9E01B40037E99F /* Build configuration list for PBXProject "CNLogo" */;
			compatibilityVersion = "Xcode 3.2";
			developmentRegion = English;
			hasScannedForEncodings = 0;
			knownRegions = (
				en,
				Base,
			);
			mainGroup = 7856FA6E1B9E01B40037E99F;
			productRefGroup = 7856FA781B9E01B40037E99F /* Products */;
			projectDirPath = "";
			projectReferences = (
				{
					ProductGroup = 78C0D3A91BB940E300CCCE70 /* Products */;
					ProjectRef = 78C0D3A81BB940E300CCCE70 /* CNLogoCore.xcodeproj */;
				},
			);
			projectRoot = "";
			targets = (
				7856FA761B9E01B40037E99F /* CNLogo */,
				7856FA8B1B9E01B40037E99F /* CNLogoTests */,
			);
		};
/* End PBXProject section */

/* Begin PBXReferenceProxy section */
		78C0D3AE1BB940E300CCCE70 /* CNLogoCore.framework */ = {
			isa = PBXReferenceProxy;
			fileType = wrapper.framework;
			path = CNLogoCore.framework;
			remoteRef = 78C0D3AD1BB940E300CCCE70 /* PBXContainerItemProxy */;
			sourceTree = BUILT_PRODUCTS_DIR;
		};
		78C0D3B01BB940E300CCCE70 /* CNLogoCoreTests.xctest */ = {
			isa = PBXReferenceProxy;
			fileType = wrapper.cfbundle;
			path = CNLogoCoreTests.xctest;
			remoteRef = 78C0D3AF1BB940E300CCCE70 /* PBXContainerItemProxy */;
			sourceTree = BUILT_PRODUCTS_DIR;
		};
/* End PBXReferenceProxy section */

/* Begin PBXResourcesBuildPhase section */
		7856FA751B9E01B40037E99F /* Resources */ = {
			isa = PBXResourcesBuildPhase;
			buildActionMask = 2147483647;
			files = (
				7856FA821B9E01B40037E99F /* Main.storyboard in Resources */,
				7856FA871B9E01B40037E99F /* LaunchScreen.xib in Resources */,
				7856FA841B9E01B40037E99F /* Images.xcassets in Resources */,
			);
			runOnlyForDeploymentPostprocessing = 0;
		};
		7856FA8A1B9E01B40037E99F /* Resources */ = {
			isa = PBXResourcesBuildPhase;
			buildActionMask = 2147483647;
			files = (
			);
			runOnlyForDeploymentPostprocessing = 0;
		};
/* End PBXResourcesBuildPhase section */

/* Begin PBXShellScriptBuildPhase section */
		638267E109337074A0201EED /* Copy Pods Resources */ = {
			isa = PBXShellScriptBuildPhase;
			buildActionMask = 2147483647;
			files = (
			);
			inputPaths = (
			);
			name = "Copy Pods Resources";
			outputPaths = (
			);
			runOnlyForDeploymentPostprocessing = 0;
			shellPath = /bin/sh;
			shellScript = "\"${SRCROOT}/Pods/Target Support Files/Pods/Pods-resources.sh\"\n";
			showEnvVarsInLog = 0;
		};
		76A8D1692B59DECC1443D85D /* Embed Pods Frameworks */ = {
			isa = PBXShellScriptBuildPhase;
			buildActionMask = 2147483647;
			files = (
			);
			inputPaths = (
			);
			name = "Embed Pods Frameworks";
			outputPaths = (
			);
			runOnlyForDeploymentPostprocessing = 0;
			shellPath = /bin/sh;
			shellScript = "\"${SRCROOT}/Pods/Target Support Files/Pods/Pods-frameworks.sh\"\n";
			showEnvVarsInLog = 0;
		};
		97EFE4D1E1111003301D910C /* Check Pods Manifest.lock */ = {
			isa = PBXShellScriptBuildPhase;
			buildActionMask = 2147483647;
			files = (
			);
			inputPaths = (
			);
			name = "Check Pods Manifest.lock";
			outputPaths = (
			);
			runOnlyForDeploymentPostprocessing = 0;
			shellPath = /bin/sh;
			shellScript = "diff \"${PODS_ROOT}/../Podfile.lock\" \"${PODS_ROOT}/Manifest.lock\" > /dev/null\nif [[ $? != 0 ]] ; then\n    cat << EOM\nerror: The sandbox is not in sync with the Podfile.lock. Run 'pod install' or update your CocoaPods installation.\nEOM\n    exit 1\nfi\n";
			showEnvVarsInLog = 0;
		};
/* End PBXShellScriptBuildPhase section */

/* Begin PBXSourcesBuildPhase section */
		7856FA731B9E01B40037E99F /* Sources */ = {
			isa = PBXSourcesBuildPhase;
			buildActionMask = 2147483647;
			files = (
				78260ECA1BB08B0C006ADF68 /* CNProgramTableViewCell.swift in Sources */,
				785E7A761BB475FB00998ADB /* CNVisualElements.swift in Sources */,
				78FDE94F1B9E1B2600AAFB1D /* CNFieldView.swift in Sources */,
				78C0D3611BB03E2200CCCE70 /* CNProgramTableViewDataSource.swift in Sources */,
				785E7A781BB7F29100998ADB /* CNBlockVisual.swift in Sources */,
				7856FA7F1B9E01B40037E99F /* ViewController.swift in Sources */,
				7856FA7D1B9E01B40037E99F /* AppDelegate.swift in Sources */,
			);
			runOnlyForDeploymentPostprocessing = 0;
		};
		7856FA881B9E01B40037E99F /* Sources */ = {
			isa = PBXSourcesBuildPhase;
			buildActionMask = 2147483647;
			files = (
				7856FA931B9E01B40037E99F /* CNExpressionTests.swift in Sources */,
			);
			runOnlyForDeploymentPostprocessing = 0;
		};
/* End PBXSourcesBuildPhase section */

/* Begin PBXTargetDependency section */
		7856FA8E1B9E01B40037E99F /* PBXTargetDependency */ = {
			isa = PBXTargetDependency;
			target = 7856FA761B9E01B40037E99F /* CNLogo */;
			targetProxy = 7856FA8D1B9E01B40037E99F /* PBXContainerItemProxy */;
		};
/* End PBXTargetDependency section */

/* Begin PBXVariantGroup section */
		7856FA801B9E01B40037E99F /* Main.storyboard */ = {
			isa = PBXVariantGroup;
			children = (
				7856FA811B9E01B40037E99F /* Base */,
			);
			name = Main.storyboard;
			sourceTree = "<group>";
		};
		7856FA851B9E01B40037E99F /* LaunchScreen.xib */ = {
			isa = PBXVariantGroup;
			children = (
				7856FA861B9E01B40037E99F /* Base */,
			);
			name = LaunchScreen.xib;
			sourceTree = "<group>";
		};
/* End PBXVariantGroup section */

/* Begin XCBuildConfiguration section */
		7856FA941B9E01B40037E99F /* Debug */ = {
			isa = XCBuildConfiguration;
			buildSettings = {
				ALWAYS_SEARCH_USER_PATHS = NO;
				CLANG_CXX_LANGUAGE_STANDARD = "gnu++0x";
				CLANG_CXX_LIBRARY = "libc++";
				CLANG_ENABLE_MODULES = YES;
				CLANG_ENABLE_OBJC_ARC = YES;
				CLANG_WARN_BOOL_CONVERSION = YES;
				CLANG_WARN_CONSTANT_CONVERSION = YES;
				CLANG_WARN_DIRECT_OBJC_ISA_USAGE = YES_ERROR;
				CLANG_WARN_EMPTY_BODY = YES;
				CLANG_WARN_ENUM_CONVERSION = YES;
				CLANG_WARN_INT_CONVERSION = YES;
				CLANG_WARN_OBJC_ROOT_CLASS = YES_ERROR;
				CLANG_WARN_UNREACHABLE_CODE = YES;
				CLANG_WARN__DUPLICATE_METHOD_MATCH = YES;
				CODE_SIGN_IDENTITY = "iPhone Developer";
				COPY_PHASE_STRIP = NO;
				DEBUG_INFORMATION_FORMAT = "dwarf-with-dsym";
				ENABLE_STRICT_OBJC_MSGSEND = YES;
				ENABLE_TESTABILITY = YES;
				GCC_C_LANGUAGE_STANDARD = gnu99;
				GCC_DYNAMIC_NO_PIC = NO;
				GCC_NO_COMMON_BLOCKS = YES;
				GCC_OPTIMIZATION_LEVEL = 0;
				GCC_PREPROCESSOR_DEFINITIONS = (
					"DEBUG=1",
					"$(inherited)",
				);
				GCC_SYMBOLS_PRIVATE_EXTERN = NO;
				GCC_WARN_64_TO_32_BIT_CONVERSION = YES;
				GCC_WARN_ABOUT_RETURN_TYPE = YES_ERROR;
				GCC_WARN_UNDECLARED_SELECTOR = YES;
				GCC_WARN_UNINITIALIZED_AUTOS = YES_AGGRESSIVE;
				GCC_WARN_UNUSED_FUNCTION = YES;
				GCC_WARN_UNUSED_VARIABLE = YES;
				IPHONEOS_DEPLOYMENT_TARGET = 8.4;
				MTL_ENABLE_DEBUG_INFO = YES;
				ONLY_ACTIVE_ARCH = YES;
				SDKROOT = iphoneos;
				SWIFT_OPTIMIZATION_LEVEL = "-Onone";
				TARGETED_DEVICE_FAMILY = "1,2";
			};
			name = Debug;
		};
		7856FA951B9E01B40037E99F /* Release */ = {
			isa = XCBuildConfiguration;
			buildSettings = {
				ALWAYS_SEARCH_USER_PATHS = NO;
				CLANG_CXX_LANGUAGE_STANDARD = "gnu++0x";
				CLANG_CXX_LIBRARY = "libc++";
				CLANG_ENABLE_MODULES = YES;
				CLANG_ENABLE_OBJC_ARC = YES;
				CLANG_WARN_BOOL_CONVERSION = YES;
				CLANG_WARN_CONSTANT_CONVERSION = YES;
				CLANG_WARN_DIRECT_OBJC_ISA_USAGE = YES_ERROR;
				CLANG_WARN_EMPTY_BODY = YES;
				CLANG_WARN_ENUM_CONVERSION = YES;
				CLANG_WARN_INT_CONVERSION = YES;
				CLANG_WARN_OBJC_ROOT_CLASS = YES_ERROR;
				CLANG_WARN_UNREACHABLE_CODE = YES;
				CLANG_WARN__DUPLICATE_METHOD_MATCH = YES;
				CODE_SIGN_IDENTITY = "iPhone Distribution";
				COPY_PHASE_STRIP = NO;
				DEBUG_INFORMATION_FORMAT = "dwarf-with-dsym";
				ENABLE_NS_ASSERTIONS = NO;
				ENABLE_STRICT_OBJC_MSGSEND = YES;
				GCC_C_LANGUAGE_STANDARD = gnu99;
				GCC_NO_COMMON_BLOCKS = YES;
				GCC_WARN_64_TO_32_BIT_CONVERSION = YES;
				GCC_WARN_ABOUT_RETURN_TYPE = YES_ERROR;
				GCC_WARN_UNDECLARED_SELECTOR = YES;
				GCC_WARN_UNINITIALIZED_AUTOS = YES_AGGRESSIVE;
				GCC_WARN_UNUSED_FUNCTION = YES;
				GCC_WARN_UNUSED_VARIABLE = YES;
				IPHONEOS_DEPLOYMENT_TARGET = 8.4;
				MTL_ENABLE_DEBUG_INFO = NO;
				SDKROOT = iphoneos;
				TARGETED_DEVICE_FAMILY = "1,2";
				VALIDATE_PRODUCT = YES;
			};
			name = Release;
		};
		7856FA971B9E01B40037E99F /* Debug */ = {
			isa = XCBuildConfiguration;
			baseConfigurationReference = B989B2914AC7026F8A6F03B1 /* Pods.debug.xcconfig */;
			buildSettings = {
				ASSETCATALOG_COMPILER_APPICON_NAME = AppIcon;
				CODE_SIGN_IDENTITY = "iPhone Developer";
				INFOPLIST_FILE = CNLogo/Info.plist;
				LD_RUNPATH_SEARCH_PATHS = "$(inherited) @executable_path/Frameworks";
				PRODUCT_BUNDLE_IDENTIFIER = "ru.complexnumbers.$(PRODUCT_NAME:rfc1034identifier)";
				PRODUCT_NAME = "$(TARGET_NAME)";
			};
			name = Debug;
		};
		7856FA981B9E01B40037E99F /* Release */ = {
			isa = XCBuildConfiguration;
			baseConfigurationReference = C8C072BC8E904167F5F16AE6 /* Pods.release.xcconfig */;
			buildSettings = {
				ASSETCATALOG_COMPILER_APPICON_NAME = AppIcon;
				CODE_SIGN_IDENTITY = "iPhone Distribution";
				INFOPLIST_FILE = CNLogo/Info.plist;
				LD_RUNPATH_SEARCH_PATHS = "$(inherited) @executable_path/Frameworks";
				PRODUCT_BUNDLE_IDENTIFIER = "ru.complexnumbers.$(PRODUCT_NAME:rfc1034identifier)";
				PRODUCT_NAME = "$(TARGET_NAME)";
			};
			name = Release;
		};
		7856FA9A1B9E01B40037E99F /* Debug */ = {
			isa = XCBuildConfiguration;
			buildSettings = {
				GCC_PREPROCESSOR_DEFINITIONS = (
					"DEBUG=1",
					"$(inherited)",
				);
				INFOPLIST_FILE = CNLogoTests/Info.plist;
				LD_RUNPATH_SEARCH_PATHS = "$(inherited) @executable_path/Frameworks @loader_path/Frameworks";
				PRODUCT_BUNDLE_IDENTIFIER = "ru.complexnumbers.$(PRODUCT_NAME:rfc1034identifier)";
				PRODUCT_NAME = "$(TARGET_NAME)";
			};
			name = Debug;
		};
		7856FA9B1B9E01B40037E99F /* Release */ = {
			isa = XCBuildConfiguration;
			buildSettings = {
				INFOPLIST_FILE = CNLogoTests/Info.plist;
				LD_RUNPATH_SEARCH_PATHS = "$(inherited) @executable_path/Frameworks @loader_path/Frameworks";
				PRODUCT_BUNDLE_IDENTIFIER = "ru.complexnumbers.$(PRODUCT_NAME:rfc1034identifier)";
				PRODUCT_NAME = "$(TARGET_NAME)";
			};
			name = Release;
		};
/* End XCBuildConfiguration section */

/* Begin XCConfigurationList section */
		7856FA721B9E01B40037E99F /* Build configuration list for PBXProject "CNLogo" */ = {
			isa = XCConfigurationList;
			buildConfigurations = (
				7856FA941B9E01B40037E99F /* Debug */,
				7856FA951B9E01B40037E99F /* Release */,
			);
			defaultConfigurationIsVisible = 0;
			defaultConfigurationName = Release;
		};
		7856FA961B9E01B40037E99F /* Build configuration list for PBXNativeTarget "CNLogo" */ = {
			isa = XCConfigurationList;
			buildConfigurations = (
				7856FA971B9E01B40037E99F /* Debug */,
				7856FA981B9E01B40037E99F /* Release */,
			);
			defaultConfigurationIsVisible = 0;
			defaultConfigurationName = Release;
		};
		7856FA991B9E01B40037E99F /* Build configuration list for PBXNativeTarget "CNLogoTests" */ = {
			isa = XCConfigurationList;
			buildConfigurations = (
				7856FA9A1B9E01B40037E99F /* Debug */,
				7856FA9B1B9E01B40037E99F /* Release */,
			);
			defaultConfigurationIsVisible = 0;
			defaultConfigurationName = Release;
		};
/* End XCConfigurationList section */
	};
	rootObject = 7856FA6F1B9E01B40037E99F /* Project object */;
}
