<?xml version="1.0" encoding="UTF-8"?>
<!DOCTYPE plist PUBLIC "-//Apple//DTD PLIST 1.0//EN" "http://www.apple.com/DTDs/PropertyList-1.0.dtd">
<plist version="1.0">
<dict>
	<key>archiveVersion</key>
	<string>1</string>
	<key>classes</key>
	<dict/>
	<key>objectVersion</key>
	<string>46</string>
	<key>objects</key>
	<dict>
		<key>05F11F53EF139F5A578E6AB6</key>
		<dict>
			<key>buildActionMask</key>
			<string>2147483647</string>
			<key>files</key>
			<array/>
			<key>inputPaths</key>
			<array/>
			<key>isa</key>
			<string>PBXShellScriptBuildPhase</string>
			<key>name</key>
			<string>Embed Pods Frameworks</string>
			<key>outputPaths</key>
			<array/>
			<key>runOnlyForDeploymentPostprocessing</key>
			<string>0</string>
			<key>shellPath</key>
			<string>/bin/sh</string>
			<key>shellScript</key>
			<string>"${SRCROOT}/Pods/Target Support Files/Pods-CNLogoTests/Pods-CNLogoTests-frameworks.sh"
</string>
			<key>showEnvVarsInLog</key>
			<string>0</string>
		</dict>
		<key>1307196CF8B71F2A6460AED1</key>
		<dict>
			<key>explicitFileType</key>
			<string>wrapper.framework</string>
			<key>includeInIndex</key>
			<string>0</string>
			<key>isa</key>
			<string>PBXFileReference</string>
			<key>path</key>
			<string>Pods_CNLogo.framework</string>
			<key>sourceTree</key>
			<string>BUILT_PRODUCTS_DIR</string>
		</dict>
		<key>2369A825E961BF41573E4A47</key>
		<dict>
			<key>buildActionMask</key>
			<string>2147483647</string>
			<key>files</key>
			<array/>
			<key>inputPaths</key>
			<array/>
			<key>isa</key>
			<string>PBXShellScriptBuildPhase</string>
			<key>name</key>
			<string>Check Pods Manifest.lock</string>
			<key>outputPaths</key>
			<array/>
			<key>runOnlyForDeploymentPostprocessing</key>
			<string>0</string>
			<key>shellPath</key>
			<string>/bin/sh</string>
			<key>shellScript</key>
			<string>diff "${PODS_ROOT}/../Podfile.lock" "${PODS_ROOT}/Manifest.lock" &gt; /dev/null
if [[ $? != 0 ]] ; then
    cat &lt;&lt; EOM
error: The sandbox is not in sync with the Podfile.lock. Run 'pod install' or update your CocoaPods installation.
EOM
    exit 1
fi
</string>
			<key>showEnvVarsInLog</key>
			<string>0</string>
		</dict>
		<key>33D758473FAFCB353C468933</key>
		<dict>
			<key>fileRef</key>
			<string>AC5C8C89A01537ADB22F7FAA</string>
			<key>isa</key>
			<string>PBXBuildFile</string>
		</dict>
		<key>3B77F37B10D0E486DE96676D</key>
		<dict>
			<key>explicitFileType</key>
			<string>wrapper.framework</string>
			<key>includeInIndex</key>
			<string>0</string>
			<key>isa</key>
			<string>PBXFileReference</string>
			<key>path</key>
			<string>Pods_CNLogoTests.framework</string>
			<key>sourceTree</key>
			<string>BUILT_PRODUCTS_DIR</string>
		</dict>
		<key>46C4D17EEB0E7498C0426F8F</key>
		<dict>
			<key>fileRef</key>
			<string>1307196CF8B71F2A6460AED1</string>
			<key>isa</key>
			<string>PBXBuildFile</string>
			<key>settings</key>
			<dict>
				<key>ATTRIBUTES</key>
				<array>
					<string>Weak</string>
				</array>
			</dict>
		</dict>
		<key>5B8A64F6A97A6B62BC6AE2F0</key>
		<dict>
			<key>children</key>
			<array>
				<string>B989B2914AC7026F8A6F03B1</string>
				<string>C8C072BC8E904167F5F16AE6</string>
				<string>C54CCCAEF296F3CE22637A62</string>
				<string>602657654094446AFF2769FC</string>
			</array>
			<key>isa</key>
			<string>PBXGroup</string>
			<key>name</key>
			<string>Pods</string>
			<key>sourceTree</key>
			<string>&lt;group&gt;</string>
		</dict>
		<key>5D6231D341B42C29B173064C</key>
		<dict>
			<key>children</key>
			<array>
				<string>7825FCF11BBFDF8B004C2903</string>
				<string>7825FCF21BBFDF8B004C2903</string>
				<string>7825FCF31BBFDF8B004C2903</string>
				<string>AC5C8C89A01537ADB22F7FAA</string>
				<string>3B77F37B10D0E486DE96676D</string>
				<string>1307196CF8B71F2A6460AED1</string>
			</array>
			<key>isa</key>
			<string>PBXGroup</string>
			<key>name</key>
			<string>Frameworks</string>
			<key>sourceTree</key>
			<string>&lt;group&gt;</string>
		</dict>
		<key>602657654094446AFF2769FC</key>
		<dict>
			<key>includeInIndex</key>
			<string>1</string>
			<key>isa</key>
			<string>PBXFileReference</string>
			<key>lastKnownFileType</key>
			<string>text.xcconfig</string>
			<key>name</key>
			<string>Pods-CNLogoTests.release.xcconfig</string>
			<key>path</key>
			<string>Pods/Target Support Files/Pods-CNLogoTests/Pods-CNLogoTests.release.xcconfig</string>
			<key>sourceTree</key>
			<string>&lt;group&gt;</string>
		</dict>
		<key>638267E109337074A0201EED</key>
		<dict>
			<key>buildActionMask</key>
			<string>2147483647</string>
			<key>files</key>
			<array/>
			<key>inputPaths</key>
			<array/>
			<key>isa</key>
			<string>PBXShellScriptBuildPhase</string>
			<key>name</key>
			<string>Copy Pods Resources</string>
			<key>outputPaths</key>
			<array/>
			<key>runOnlyForDeploymentPostprocessing</key>
			<string>0</string>
			<key>shellPath</key>
			<string>/bin/sh</string>
			<key>shellScript</key>
			<string>"${SRCROOT}/Pods/Target Support Files/Pods/Pods-resources.sh"
</string>
			<key>showEnvVarsInLog</key>
			<string>0</string>
		</dict>
		<key>76A8D1692B59DECC1443D85D</key>
		<dict>
			<key>buildActionMask</key>
			<string>2147483647</string>
			<key>files</key>
			<array/>
			<key>inputPaths</key>
			<array/>
			<key>isa</key>
			<string>PBXShellScriptBuildPhase</string>
			<key>name</key>
			<string>Embed Pods Frameworks</string>
			<key>outputPaths</key>
			<array/>
			<key>runOnlyForDeploymentPostprocessing</key>
			<string>0</string>
			<key>shellPath</key>
			<string>/bin/sh</string>
			<key>shellScript</key>
			<string>"${SRCROOT}/Pods/Target Support Files/Pods-CNLogo/Pods-CNLogo-frameworks.sh"
</string>
			<key>showEnvVarsInLog</key>
			<string>0</string>
		</dict>
		<key>7825FCF11BBFDF8B004C2903</key>
		<dict>
			<key>isa</key>
			<string>PBXFileReference</string>
			<key>lastKnownFileType</key>
			<string>wrapper.framework</string>
			<key>name</key>
			<string>Dollar.framework</string>
			<key>path</key>
			<string>Pods/../build/Debug-iphoneos/Dollar.framework</string>
			<key>sourceTree</key>
			<string>&lt;group&gt;</string>
		</dict>
		<key>7825FCF21BBFDF8B004C2903</key>
		<dict>
			<key>isa</key>
			<string>PBXFileReference</string>
			<key>lastKnownFileType</key>
			<string>wrapper.framework</string>
			<key>name</key>
			<string>LiquidFloatingActionButton.framework</string>
			<key>path</key>
			<string>Pods/../build/Debug-iphoneos/LiquidFloatingActionButton.framework</string>
			<key>sourceTree</key>
			<string>&lt;group&gt;</string>
		</dict>
		<key>7825FCF31BBFDF8B004C2903</key>
		<dict>
			<key>isa</key>
			<string>PBXFileReference</string>
			<key>lastKnownFileType</key>
			<string>wrapper.framework</string>
			<key>name</key>
			<string>LiquidLoader.framework</string>
			<key>path</key>
			<string>Pods/../build/Debug-iphoneos/LiquidLoader.framework</string>
			<key>sourceTree</key>
			<string>&lt;group&gt;</string>
		</dict>
		<key>7825FCFD1BC00C20004C2903</key>
		<dict>
			<key>fileEncoding</key>
			<string>4</string>
			<key>isa</key>
			<string>PBXFileReference</string>
			<key>lastKnownFileType</key>
			<string>sourcecode.swift</string>
			<key>path</key>
			<string>CNButton.swift</string>
			<key>sourceTree</key>
			<string>&lt;group&gt;</string>
		</dict>
		<key>7825FCFE1BC00C20004C2903</key>
		<dict>
			<key>fileRef</key>
			<string>7825FCFD1BC00C20004C2903</string>
			<key>isa</key>
			<string>PBXBuildFile</string>
			<key>settings</key>
			<dict>
				<key>ASSET_TAGS</key>
				<array/>
			</dict>
		</dict>
		<key>7825FD011BC012BA004C2903</key>
		<dict>
			<key>fileEncoding</key>
			<string>4</string>
			<key>isa</key>
			<string>PBXFileReference</string>
			<key>lastKnownFileType</key>
			<string>sourcecode.swift</string>
			<key>path</key>
			<string>CNLogo+UIImage.swift</string>
			<key>sourceTree</key>
			<string>&lt;group&gt;</string>
		</dict>
		<key>7825FD021BC012BA004C2903</key>
		<dict>
			<key>fileRef</key>
			<string>7825FD011BC012BA004C2903</string>
			<key>isa</key>
			<string>PBXBuildFile</string>
			<key>settings</key>
			<dict>
				<key>ASSET_TAGS</key>
				<array/>
			</dict>
		</dict>
		<key>7825FD061BC034E8004C2903</key>
		<dict>
			<key>containerPortal</key>
			<string>78C0D3A81BB940E300CCCE70</string>
			<key>isa</key>
			<string>PBXContainerItemProxy</string>
			<key>proxyType</key>
			<string>1</string>
			<key>remoteGlobalIDString</key>
			<string>78C0D38D1BB9407200CCCE70</string>
			<key>remoteInfo</key>
			<string>CNLogoCore</string>
		</dict>
		<key>7825FD071BC034E8004C2903</key>
		<dict>
			<key>isa</key>
			<string>PBXTargetDependency</string>
			<key>name</key>
			<string>CNLogoCore</string>
			<key>targetProxy</key>
			<string>7825FD061BC034E8004C2903</string>
		</dict>
		<key>7825FD091BC0352D004C2903</key>
		<dict>
			<key>fileRef</key>
			<string>78C0D3AE1BB940E300CCCE70</string>
			<key>isa</key>
			<string>PBXBuildFile</string>
			<key>settings</key>
			<dict>
				<key>ATTRIBUTES</key>
				<array>
					<string>CodeSignOnCopy</string>
					<string>RemoveHeadersOnCopy</string>
				</array>
			</dict>
		</dict>
		<key>7825FD0A1BC0352D004C2903</key>
		<dict>
			<key>containerPortal</key>
			<string>78C0D3A81BB940E300CCCE70</string>
			<key>isa</key>
			<string>PBXContainerItemProxy</string>
			<key>proxyType</key>
			<string>1</string>
			<key>remoteGlobalIDString</key>
			<string>78C0D38D1BB9407200CCCE70</string>
			<key>remoteInfo</key>
			<string>CNLogoCore</string>
		</dict>
		<key>7825FD0B1BC0352D004C2903</key>
		<dict>
			<key>isa</key>
			<string>PBXTargetDependency</string>
			<key>name</key>
			<string>CNLogoCore</string>
			<key>targetProxy</key>
			<string>7825FD0A1BC0352D004C2903</string>
		</dict>
		<key>7825FD0C1BC0352D004C2903</key>
		<dict>
			<key>buildActionMask</key>
			<string>2147483647</string>
			<key>dstPath</key>
			<string></string>
			<key>dstSubfolderSpec</key>
			<string>10</string>
			<key>files</key>
			<array>
				<string>7825FD091BC0352D004C2903</string>
			</array>
			<key>isa</key>
			<string>PBXCopyFilesBuildPhase</string>
			<key>name</key>
			<string>Embed Frameworks</string>
			<key>runOnlyForDeploymentPostprocessing</key>
			<string>0</string>
		</dict>
		<key>7825FD0D1BC13C82004C2903</key>
		<dict>
			<key>fileEncoding</key>
			<string>4</string>
			<key>isa</key>
			<string>PBXFileReference</string>
			<key>lastKnownFileType</key>
			<string>sourcecode.swift</string>
			<key>path</key>
			<string>CNOptions.swift</string>
			<key>sourceTree</key>
			<string>&lt;group&gt;</string>
		</dict>
		<key>7825FD0E1BC13C82004C2903</key>
		<dict>
			<key>fileRef</key>
			<string>7825FD0D1BC13C82004C2903</string>
			<key>isa</key>
			<string>PBXBuildFile</string>
			<key>settings</key>
			<dict>
				<key>ASSET_TAGS</key>
				<array/>
			</dict>
		</dict>
		<key>78260EC91BB08B0C006ADF68</key>
		<dict>
			<key>fileEncoding</key>
			<string>4</string>
			<key>isa</key>
			<string>PBXFileReference</string>
			<key>lastKnownFileType</key>
			<string>sourcecode.swift</string>
			<key>path</key>
			<string>CNProgramTableViewCell.swift</string>
			<key>sourceTree</key>
			<string>&lt;group&gt;</string>
		</dict>
		<key>78260ECA1BB08B0C006ADF68</key>
		<dict>
			<key>fileRef</key>
			<string>78260EC91BB08B0C006ADF68</string>
			<key>isa</key>
			<string>PBXBuildFile</string>
			<key>settings</key>
			<dict>
				<key>ASSET_TAGS</key>
				<array/>
			</dict>
		</dict>
		<key>78260ECD1BB09FCD006ADF68</key>
		<dict>
			<key>isa</key>
			<string>PBXFileReference</string>
			<key>lastKnownFileType</key>
			<string>image.png</string>
			<key>name</key>
			<string>ScreenShot.png</string>
			<key>path</key>
			<string>../ScreenShot.png</string>
			<key>sourceTree</key>
			<string>&lt;group&gt;</string>
		</dict>
		<key>78260ED21BB0A0F2006ADF68</key>
		<dict>
			<key>fileEncoding</key>
			<string>4</string>
			<key>isa</key>
			<string>PBXFileReference</string>
			<key>lastKnownFileType</key>
			<string>net.daringfireball.markdown</string>
			<key>path</key>
			<string>README.md</string>
			<key>sourceTree</key>
			<string>SOURCE_ROOT</string>
		</dict>
		<key>7856FA6E1B9E01B40037E99F</key>
		<dict>
			<key>children</key>
			<array>
				<string>7856FA791B9E01B40037E99F</string>
				<string>78C0D3A81BB940E300CCCE70</string>
				<string>7856FA8F1B9E01B40037E99F</string>
				<string>7856FA781B9E01B40037E99F</string>
				<string>5B8A64F6A97A6B62BC6AE2F0</string>
				<string>5D6231D341B42C29B173064C</string>
			</array>
			<key>isa</key>
			<string>PBXGroup</string>
			<key>sourceTree</key>
			<string>&lt;group&gt;</string>
		</dict>
		<key>7856FA6F1B9E01B40037E99F</key>
		<dict>
			<key>attributes</key>
			<dict>
				<key>LastSwiftUpdateCheck</key>
				<string>0700</string>
				<key>LastUpgradeCheck</key>
				<string>0700</string>
				<key>ORGANIZATIONNAME</key>
				<string>Complex Numbers</string>
				<key>TargetAttributes</key>
				<dict>
					<key>7856FA761B9E01B40037E99F</key>
					<dict>
						<key>CreatedOnToolsVersion</key>
						<string>6.4</string>
					</dict>
					<key>7856FA8B1B9E01B40037E99F</key>
					<dict>
						<key>CreatedOnToolsVersion</key>
						<string>6.4</string>
					</dict>
				</dict>
			</dict>
			<key>buildConfigurationList</key>
			<string>7856FA721B9E01B40037E99F</string>
			<key>compatibilityVersion</key>
			<string>Xcode 3.2</string>
			<key>developmentRegion</key>
			<string>English</string>
			<key>hasScannedForEncodings</key>
			<string>0</string>
			<key>isa</key>
			<string>PBXProject</string>
			<key>knownRegions</key>
			<array>
				<string>en</string>
				<string>Base</string>
			</array>
			<key>mainGroup</key>
			<string>7856FA6E1B9E01B40037E99F</string>
			<key>productRefGroup</key>
			<string>7856FA781B9E01B40037E99F</string>
			<key>projectDirPath</key>
			<string></string>
			<key>projectReferences</key>
			<array>
				<dict>
					<key>ProductGroup</key>
					<string>78C0D3A91BB940E300CCCE70</string>
					<key>ProjectRef</key>
					<string>78C0D3A81BB940E300CCCE70</string>
				</dict>
			</array>
			<key>projectRoot</key>
			<string></string>
			<key>targets</key>
			<array>
				<string>7856FA761B9E01B40037E99F</string>
				<string>7856FA8B1B9E01B40037E99F</string>
			</array>
		</dict>
		<key>7856FA721B9E01B40037E99F</key>
		<dict>
			<key>buildConfigurations</key>
			<array>
				<string>7856FA941B9E01B40037E99F</string>
				<string>7856FA951B9E01B40037E99F</string>
			</array>
			<key>defaultConfigurationIsVisible</key>
			<string>0</string>
			<key>defaultConfigurationName</key>
			<string>Release</string>
			<key>isa</key>
			<string>XCConfigurationList</string>
		</dict>
		<key>7856FA731B9E01B40037E99F</key>
		<dict>
			<key>buildActionMask</key>
			<string>2147483647</string>
			<key>files</key>
			<array>
				<string>78260ECA1BB08B0C006ADF68</string>
				<string>785E7A761BB475FB00998ADB</string>
				<string>78FDE94F1B9E1B2600AAFB1D</string>
				<string>78C0D3611BB03E2200CCCE70</string>
				<string>7825FCFE1BC00C20004C2903</string>
				<string>7825FD021BC012BA004C2903</string>
				<string>785E7A781BB7F29100998ADB</string>
				<string>7856FA7F1B9E01B40037E99F</string>
				<string>7856FA7D1B9E01B40037E99F</string>
				<string>7825FD0E1BC13C82004C2903</string>
			</array>
			<key>isa</key>
			<string>PBXSourcesBuildPhase</string>
			<key>runOnlyForDeploymentPostprocessing</key>
			<string>0</string>
		</dict>
		<key>7856FA741B9E01B40037E99F</key>
		<dict>
			<key>buildActionMask</key>
			<string>2147483647</string>
			<key>files</key>
			<array>
				<string>78C0D3B11BB9418300CCCE70</string>
				<string>33D758473FAFCB353C468933</string>
				<string>46C4D17EEB0E7498C0426F8F</string>
			</array>
			<key>isa</key>
			<string>PBXFrameworksBuildPhase</string>
			<key>runOnlyForDeploymentPostprocessing</key>
			<string>0</string>
		</dict>
		<key>7856FA751B9E01B40037E99F</key>
		<dict>
			<key>buildActionMask</key>
			<string>2147483647</string>
			<key>files</key>
			<array>
				<string>7856FA821B9E01B40037E99F</string>
				<string>7856FA871B9E01B40037E99F</string>
				<string>7856FA841B9E01B40037E99F</string>
			</array>
			<key>isa</key>
			<string>PBXResourcesBuildPhase</string>
			<key>runOnlyForDeploymentPostprocessing</key>
			<string>0</string>
		</dict>
		<key>7856FA761B9E01B40037E99F</key>
		<dict>
			<key>buildConfigurationList</key>
			<string>7856FA961B9E01B40037E99F</string>
			<key>buildPhases</key>
			<array>
				<string>97EFE4D1E1111003301D910C</string>
				<string>7856FA731B9E01B40037E99F</string>
				<string>7856FA741B9E01B40037E99F</string>
				<string>7856FA751B9E01B40037E99F</string>
				<string>76A8D1692B59DECC1443D85D</string>
				<string>638267E109337074A0201EED</string>
				<string>7825FD0C1BC0352D004C2903</string>
			</array>
			<key>buildRules</key>
			<array/>
			<key>dependencies</key>
			<array>
				<string>7825FD071BC034E8004C2903</string>
				<string>7825FD0B1BC0352D004C2903</string>
			</array>
			<key>isa</key>
			<string>PBXNativeTarget</string>
			<key>name</key>
			<string>CNLogo</string>
			<key>productName</key>
			<string>CNLogo</string>
			<key>productReference</key>
			<string>7856FA771B9E01B40037E99F</string>
			<key>productType</key>
			<string>com.apple.product-type.application</string>
		</dict>
		<key>7856FA771B9E01B40037E99F</key>
		<dict>
			<key>explicitFileType</key>
			<string>wrapper.application</string>
			<key>includeInIndex</key>
			<string>0</string>
			<key>isa</key>
			<string>PBXFileReference</string>
			<key>path</key>
			<string>CNLogo.app</string>
			<key>sourceTree</key>
			<string>BUILT_PRODUCTS_DIR</string>
		</dict>
		<key>7856FA781B9E01B40037E99F</key>
		<dict>
			<key>children</key>
			<array>
				<string>7856FA771B9E01B40037E99F</string>
				<string>7856FA8C1B9E01B40037E99F</string>
			</array>
			<key>isa</key>
			<string>PBXGroup</string>
			<key>name</key>
			<string>Products</string>
			<key>sourceTree</key>
			<string>&lt;group&gt;</string>
		</dict>
		<key>7856FA791B9E01B40037E99F</key>
		<dict>
			<key>children</key>
			<array>
				<string>78C0D3CE1BB95E1900CCCE70</string>
				<string>78C0D35F1BB03D2B00CCCE70</string>
				<string>7856FA7A1B9E01B40037E99F</string>
			</array>
			<key>isa</key>
			<string>PBXGroup</string>
			<key>path</key>
			<string>CNLogo</string>
			<key>sourceTree</key>
			<string>&lt;group&gt;</string>
		</dict>
		<key>7856FA7A1B9E01B40037E99F</key>
		<dict>
			<key>children</key>
			<array>
				<string>7856FA7C1B9E01B40037E99F</string>
				<string>78260ECD1BB09FCD006ADF68</string>
				<string>78260ED21BB0A0F2006ADF68</string>
				<string>7856FA7B1B9E01B40037E99F</string>
			</array>
			<key>isa</key>
			<string>PBXGroup</string>
			<key>name</key>
			<string>Supporting Files</string>
			<key>sourceTree</key>
			<string>&lt;group&gt;</string>
		</dict>
		<key>7856FA7B1B9E01B40037E99F</key>
		<dict>
			<key>isa</key>
			<string>PBXFileReference</string>
			<key>lastKnownFileType</key>
			<string>text.plist.xml</string>
			<key>path</key>
			<string>Info.plist</string>
			<key>sourceTree</key>
			<string>&lt;group&gt;</string>
		</dict>
		<key>7856FA7C1B9E01B40037E99F</key>
		<dict>
			<key>isa</key>
			<string>PBXFileReference</string>
			<key>lastKnownFileType</key>
			<string>sourcecode.swift</string>
			<key>path</key>
			<string>AppDelegate.swift</string>
			<key>sourceTree</key>
			<string>&lt;group&gt;</string>
		</dict>
		<key>7856FA7D1B9E01B40037E99F</key>
		<dict>
			<key>fileRef</key>
			<string>7856FA7C1B9E01B40037E99F</string>
			<key>isa</key>
			<string>PBXBuildFile</string>
		</dict>
		<key>7856FA7E1B9E01B40037E99F</key>
		<dict>
			<key>isa</key>
			<string>PBXFileReference</string>
			<key>lastKnownFileType</key>
			<string>sourcecode.swift</string>
			<key>path</key>
			<string>ViewController.swift</string>
			<key>sourceTree</key>
			<string>&lt;group&gt;</string>
		</dict>
		<key>7856FA7F1B9E01B40037E99F</key>
		<dict>
			<key>fileRef</key>
			<string>7856FA7E1B9E01B40037E99F</string>
			<key>isa</key>
			<string>PBXBuildFile</string>
		</dict>
		<key>7856FA801B9E01B40037E99F</key>
		<dict>
			<key>children</key>
			<array>
				<string>7856FA811B9E01B40037E99F</string>
			</array>
			<key>isa</key>
			<string>PBXVariantGroup</string>
			<key>name</key>
			<string>Main.storyboard</string>
			<key>sourceTree</key>
			<string>&lt;group&gt;</string>
		</dict>
		<key>7856FA811B9E01B40037E99F</key>
		<dict>
			<key>isa</key>
			<string>PBXFileReference</string>
			<key>lastKnownFileType</key>
			<string>file.storyboard</string>
			<key>name</key>
			<string>Base</string>
			<key>path</key>
			<string>Base.lproj/Main.storyboard</string>
			<key>sourceTree</key>
			<string>&lt;group&gt;</string>
		</dict>
		<key>7856FA821B9E01B40037E99F</key>
		<dict>
			<key>fileRef</key>
			<string>7856FA801B9E01B40037E99F</string>
			<key>isa</key>
			<string>PBXBuildFile</string>
		</dict>
		<key>7856FA831B9E01B40037E99F</key>
		<dict>
			<key>isa</key>
			<string>PBXFileReference</string>
			<key>lastKnownFileType</key>
			<string>folder.assetcatalog</string>
			<key>path</key>
			<string>Images.xcassets</string>
			<key>sourceTree</key>
			<string>&lt;group&gt;</string>
		</dict>
		<key>7856FA841B9E01B40037E99F</key>
		<dict>
			<key>fileRef</key>
			<string>7856FA831B9E01B40037E99F</string>
			<key>isa</key>
			<string>PBXBuildFile</string>
		</dict>
		<key>7856FA851B9E01B40037E99F</key>
		<dict>
			<key>children</key>
			<array>
				<string>7856FA861B9E01B40037E99F</string>
			</array>
			<key>isa</key>
			<string>PBXVariantGroup</string>
			<key>name</key>
			<string>LaunchScreen.xib</string>
			<key>sourceTree</key>
			<string>&lt;group&gt;</string>
		</dict>
		<key>7856FA861B9E01B40037E99F</key>
		<dict>
			<key>isa</key>
			<string>PBXFileReference</string>
			<key>lastKnownFileType</key>
			<string>file.xib</string>
			<key>name</key>
			<string>Base</string>
			<key>path</key>
			<string>Base.lproj/LaunchScreen.xib</string>
			<key>sourceTree</key>
			<string>&lt;group&gt;</string>
		</dict>
		<key>7856FA871B9E01B40037E99F</key>
		<dict>
			<key>fileRef</key>
			<string>7856FA851B9E01B40037E99F</string>
			<key>isa</key>
			<string>PBXBuildFile</string>
		</dict>
		<key>7856FA881B9E01B40037E99F</key>
		<dict>
			<key>buildActionMask</key>
			<string>2147483647</string>
			<key>files</key>
			<array>
				<string>7856FA931B9E01B40037E99F</string>
			</array>
			<key>isa</key>
			<string>PBXSourcesBuildPhase</string>
			<key>runOnlyForDeploymentPostprocessing</key>
			<string>0</string>
		</dict>
		<key>7856FA891B9E01B40037E99F</key>
		<dict>
			<key>buildActionMask</key>
			<string>2147483647</string>
			<key>files</key>
			<array>
				<string>84EC1A43D33EC1E3F7FE3104</string>
			</array>
			<key>isa</key>
			<string>PBXFrameworksBuildPhase</string>
			<key>runOnlyForDeploymentPostprocessing</key>
			<string>0</string>
		</dict>
		<key>7856FA8A1B9E01B40037E99F</key>
		<dict>
			<key>buildActionMask</key>
			<string>2147483647</string>
			<key>files</key>
			<array/>
			<key>isa</key>
			<string>PBXResourcesBuildPhase</string>
			<key>runOnlyForDeploymentPostprocessing</key>
			<string>0</string>
		</dict>
		<key>7856FA8B1B9E01B40037E99F</key>
		<dict>
			<key>buildConfigurationList</key>
			<string>7856FA991B9E01B40037E99F</string>
			<key>buildPhases</key>
			<array>
				<string>2369A825E961BF41573E4A47</string>
				<string>7856FA881B9E01B40037E99F</string>
				<string>7856FA891B9E01B40037E99F</string>
				<string>7856FA8A1B9E01B40037E99F</string>
				<string>05F11F53EF139F5A578E6AB6</string>
				<string>E018A227A91A0CE8ED10DB74</string>
			</array>
			<key>buildRules</key>
			<array/>
			<key>dependencies</key>
			<array>
				<string>7856FA8E1B9E01B40037E99F</string>
			</array>
			<key>isa</key>
			<string>PBXNativeTarget</string>
			<key>name</key>
			<string>CNLogoTests</string>
			<key>productName</key>
			<string>CNLogoTests</string>
			<key>productReference</key>
			<string>7856FA8C1B9E01B40037E99F</string>
			<key>productType</key>
			<string>com.apple.product-type.bundle.unit-test</string>
		</dict>
		<key>7856FA8C1B9E01B40037E99F</key>
		<dict>
			<key>explicitFileType</key>
			<string>wrapper.cfbundle</string>
			<key>includeInIndex</key>
			<string>0</string>
			<key>isa</key>
			<string>PBXFileReference</string>
			<key>path</key>
			<string>CNLogoTests.xctest</string>
			<key>sourceTree</key>
			<string>BUILT_PRODUCTS_DIR</string>
		</dict>
		<key>7856FA8D1B9E01B40037E99F</key>
		<dict>
			<key>containerPortal</key>
			<string>7856FA6F1B9E01B40037E99F</string>
			<key>isa</key>
			<string>PBXContainerItemProxy</string>
			<key>proxyType</key>
			<string>1</string>
			<key>remoteGlobalIDString</key>
			<string>7856FA761B9E01B40037E99F</string>
			<key>remoteInfo</key>
			<string>CNLogo</string>
		</dict>
		<key>7856FA8E1B9E01B40037E99F</key>
		<dict>
			<key>isa</key>
			<string>PBXTargetDependency</string>
			<key>target</key>
			<string>7856FA761B9E01B40037E99F</string>
			<key>targetProxy</key>
			<string>7856FA8D1B9E01B40037E99F</string>
		</dict>
		<key>7856FA8F1B9E01B40037E99F</key>
		<dict>
			<key>children</key>
			<array>
				<string>7856FA921B9E01B40037E99F</string>
				<string>7856FA901B9E01B40037E99F</string>
			</array>
			<key>isa</key>
			<string>PBXGroup</string>
			<key>path</key>
			<string>CNLogoTests</string>
			<key>sourceTree</key>
			<string>&lt;group&gt;</string>
		</dict>
		<key>7856FA901B9E01B40037E99F</key>
		<dict>
			<key>children</key>
			<array>
				<string>7856FA911B9E01B40037E99F</string>
			</array>
			<key>isa</key>
			<string>PBXGroup</string>
			<key>name</key>
			<string>Supporting Files</string>
			<key>sourceTree</key>
			<string>&lt;group&gt;</string>
		</dict>
		<key>7856FA911B9E01B40037E99F</key>
		<dict>
			<key>isa</key>
			<string>PBXFileReference</string>
			<key>lastKnownFileType</key>
			<string>text.plist.xml</string>
			<key>path</key>
			<string>Info.plist</string>
			<key>sourceTree</key>
			<string>&lt;group&gt;</string>
		</dict>
		<key>7856FA921B9E01B40037E99F</key>
		<dict>
			<key>isa</key>
			<string>PBXFileReference</string>
			<key>lastKnownFileType</key>
			<string>sourcecode.swift</string>
			<key>path</key>
			<string>CNExpressionTests.swift</string>
			<key>sourceTree</key>
			<string>&lt;group&gt;</string>
		</dict>
		<key>7856FA931B9E01B40037E99F</key>
		<dict>
			<key>fileRef</key>
			<string>7856FA921B9E01B40037E99F</string>
			<key>isa</key>
			<string>PBXBuildFile</string>
		</dict>
		<key>7856FA941B9E01B40037E99F</key>
		<dict>
			<key>buildSettings</key>
			<dict>
				<key>ALWAYS_SEARCH_USER_PATHS</key>
				<string>NO</string>
				<key>CLANG_CXX_LANGUAGE_STANDARD</key>
				<string>gnu++0x</string>
				<key>CLANG_CXX_LIBRARY</key>
				<string>libc++</string>
				<key>CLANG_ENABLE_MODULES</key>
				<string>YES</string>
				<key>CLANG_ENABLE_OBJC_ARC</key>
				<string>YES</string>
				<key>CLANG_WARN_BOOL_CONVERSION</key>
				<string>YES</string>
				<key>CLANG_WARN_CONSTANT_CONVERSION</key>
				<string>YES</string>
				<key>CLANG_WARN_DIRECT_OBJC_ISA_USAGE</key>
				<string>YES_ERROR</string>
				<key>CLANG_WARN_EMPTY_BODY</key>
				<string>YES</string>
				<key>CLANG_WARN_ENUM_CONVERSION</key>
				<string>YES</string>
				<key>CLANG_WARN_INT_CONVERSION</key>
				<string>YES</string>
				<key>CLANG_WARN_OBJC_ROOT_CLASS</key>
				<string>YES_ERROR</string>
				<key>CLANG_WARN_UNREACHABLE_CODE</key>
				<string>YES</string>
				<key>CLANG_WARN__DUPLICATE_METHOD_MATCH</key>
				<string>YES</string>
				<key>CODE_SIGN_IDENTITY</key>
				<string>iPhone Developer</string>
				<key>COPY_PHASE_STRIP</key>
				<string>NO</string>
				<key>DEBUG_INFORMATION_FORMAT</key>
				<string>dwarf-with-dsym</string>
				<key>ENABLE_STRICT_OBJC_MSGSEND</key>
				<string>YES</string>
				<key>ENABLE_TESTABILITY</key>
				<string>YES</string>
				<key>GCC_C_LANGUAGE_STANDARD</key>
				<string>gnu99</string>
				<key>GCC_DYNAMIC_NO_PIC</key>
				<string>NO</string>
				<key>GCC_NO_COMMON_BLOCKS</key>
				<string>YES</string>
				<key>GCC_OPTIMIZATION_LEVEL</key>
				<string>0</string>
				<key>GCC_PREPROCESSOR_DEFINITIONS</key>
				<array>
					<string>DEBUG=1</string>
					<string>$(inherited)</string>
				</array>
				<key>GCC_SYMBOLS_PRIVATE_EXTERN</key>
				<string>NO</string>
				<key>GCC_WARN_64_TO_32_BIT_CONVERSION</key>
				<string>YES</string>
				<key>GCC_WARN_ABOUT_RETURN_TYPE</key>
				<string>YES_ERROR</string>
				<key>GCC_WARN_UNDECLARED_SELECTOR</key>
				<string>YES</string>
				<key>GCC_WARN_UNINITIALIZED_AUTOS</key>
				<string>YES_AGGRESSIVE</string>
				<key>GCC_WARN_UNUSED_FUNCTION</key>
				<string>YES</string>
				<key>GCC_WARN_UNUSED_VARIABLE</key>
				<string>YES</string>
				<key>IPHONEOS_DEPLOYMENT_TARGET</key>
				<string>8.4</string>
				<key>MTL_ENABLE_DEBUG_INFO</key>
				<string>YES</string>
				<key>ONLY_ACTIVE_ARCH</key>
				<string>YES</string>
				<key>PODS_ROOT</key>
				<string>${SRCROOT}/Pods</string>
				<key>SDKROOT</key>
				<string>iphoneos</string>
				<key>SWIFT_OPTIMIZATION_LEVEL</key>
				<string>-Onone</string>
				<key>TARGETED_DEVICE_FAMILY</key>
				<string>1,2</string>
			</dict>
			<key>isa</key>
			<string>XCBuildConfiguration</string>
			<key>name</key>
			<string>Debug</string>
		</dict>
		<key>7856FA951B9E01B40037E99F</key>
		<dict>
			<key>buildSettings</key>
			<dict>
				<key>ALWAYS_SEARCH_USER_PATHS</key>
				<string>NO</string>
				<key>CLANG_CXX_LANGUAGE_STANDARD</key>
				<string>gnu++0x</string>
				<key>CLANG_CXX_LIBRARY</key>
				<string>libc++</string>
				<key>CLANG_ENABLE_MODULES</key>
				<string>YES</string>
				<key>CLANG_ENABLE_OBJC_ARC</key>
				<string>YES</string>
				<key>CLANG_WARN_BOOL_CONVERSION</key>
				<string>YES</string>
				<key>CLANG_WARN_CONSTANT_CONVERSION</key>
				<string>YES</string>
				<key>CLANG_WARN_DIRECT_OBJC_ISA_USAGE</key>
				<string>YES_ERROR</string>
				<key>CLANG_WARN_EMPTY_BODY</key>
				<string>YES</string>
				<key>CLANG_WARN_ENUM_CONVERSION</key>
				<string>YES</string>
				<key>CLANG_WARN_INT_CONVERSION</key>
				<string>YES</string>
				<key>CLANG_WARN_OBJC_ROOT_CLASS</key>
				<string>YES_ERROR</string>
				<key>CLANG_WARN_UNREACHABLE_CODE</key>
				<string>YES</string>
				<key>CLANG_WARN__DUPLICATE_METHOD_MATCH</key>
				<string>YES</string>
				<key>CODE_SIGN_IDENTITY</key>
				<string>iPhone Distribution</string>
				<key>COPY_PHASE_STRIP</key>
				<string>NO</string>
				<key>DEBUG_INFORMATION_FORMAT</key>
				<string>dwarf-with-dsym</string>
				<key>ENABLE_NS_ASSERTIONS</key>
				<string>NO</string>
				<key>ENABLE_STRICT_OBJC_MSGSEND</key>
				<string>YES</string>
				<key>GCC_C_LANGUAGE_STANDARD</key>
				<string>gnu99</string>
				<key>GCC_NO_COMMON_BLOCKS</key>
				<string>YES</string>
				<key>GCC_WARN_64_TO_32_BIT_CONVERSION</key>
				<string>YES</string>
				<key>GCC_WARN_ABOUT_RETURN_TYPE</key>
				<string>YES_ERROR</string>
				<key>GCC_WARN_UNDECLARED_SELECTOR</key>
				<string>YES</string>
				<key>GCC_WARN_UNINITIALIZED_AUTOS</key>
				<string>YES_AGGRESSIVE</string>
				<key>GCC_WARN_UNUSED_FUNCTION</key>
				<string>YES</string>
				<key>GCC_WARN_UNUSED_VARIABLE</key>
				<string>YES</string>
				<key>IPHONEOS_DEPLOYMENT_TARGET</key>
				<string>8.4</string>
				<key>MTL_ENABLE_DEBUG_INFO</key>
				<string>NO</string>
				<key>PODS_ROOT</key>
				<string>${SRCROOT}/Pods</string>
				<key>SDKROOT</key>
				<string>iphoneos</string>
				<key>TARGETED_DEVICE_FAMILY</key>
				<string>1,2</string>
				<key>VALIDATE_PRODUCT</key>
				<string>YES</string>
			</dict>
			<key>isa</key>
			<string>XCBuildConfiguration</string>
			<key>name</key>
			<string>Release</string>
		</dict>
		<key>7856FA961B9E01B40037E99F</key>
		<dict>
			<key>buildConfigurations</key>
			<array>
				<string>7856FA971B9E01B40037E99F</string>
				<string>7856FA981B9E01B40037E99F</string>
			</array>
			<key>defaultConfigurationIsVisible</key>
			<string>0</string>
			<key>defaultConfigurationName</key>
			<string>Release</string>
			<key>isa</key>
			<string>XCConfigurationList</string>
		</dict>
		<key>7856FA971B9E01B40037E99F</key>
		<dict>
			<key>baseConfigurationReference</key>
			<string>B989B2914AC7026F8A6F03B1</string>
			<key>buildSettings</key>
			<dict>
				<key>ASSETCATALOG_COMPILER_APPICON_NAME</key>
				<string>AppIcon</string>
				<key>CODE_SIGN_IDENTITY</key>
				<string>iPhone Developer</string>
				<key>EMBEDDED_CONTENT_CONTAINS_SWIFT</key>
				<string>YES</string>
				<key>INFOPLIST_FILE</key>
				<string>CNLogo/Info.plist</string>
				<key>LD_RUNPATH_SEARCH_PATHS</key>
				<string>$(inherited) @executable_path/Frameworks</string>
				<key>PRODUCT_BUNDLE_IDENTIFIER</key>
				<string>ru.complexnumbers.$(PRODUCT_NAME:rfc1034identifier)</string>
				<key>PRODUCT_NAME</key>
				<string>$(TARGET_NAME)</string>
			</dict>
			<key>isa</key>
			<string>XCBuildConfiguration</string>
			<key>name</key>
			<string>Debug</string>
		</dict>
		<key>7856FA981B9E01B40037E99F</key>
		<dict>
			<key>baseConfigurationReference</key>
			<string>C8C072BC8E904167F5F16AE6</string>
			<key>buildSettings</key>
			<dict>
				<key>ASSETCATALOG_COMPILER_APPICON_NAME</key>
				<string>AppIcon</string>
				<key>CODE_SIGN_IDENTITY</key>
				<string>iPhone Distribution</string>
				<key>EMBEDDED_CONTENT_CONTAINS_SWIFT</key>
				<string>YES</string>
				<key>INFOPLIST_FILE</key>
				<string>CNLogo/Info.plist</string>
				<key>LD_RUNPATH_SEARCH_PATHS</key>
				<string>$(inherited) @executable_path/Frameworks</string>
				<key>PRODUCT_BUNDLE_IDENTIFIER</key>
				<string>ru.complexnumbers.$(PRODUCT_NAME:rfc1034identifier)</string>
				<key>PRODUCT_NAME</key>
				<string>$(TARGET_NAME)</string>
			</dict>
			<key>isa</key>
			<string>XCBuildConfiguration</string>
			<key>name</key>
			<string>Release</string>
		</dict>
		<key>7856FA991B9E01B40037E99F</key>
		<dict>
			<key>buildConfigurations</key>
			<array>
				<string>7856FA9A1B9E01B40037E99F</string>
				<string>7856FA9B1B9E01B40037E99F</string>
			</array>
			<key>defaultConfigurationIsVisible</key>
			<string>0</string>
			<key>defaultConfigurationName</key>
			<string>Release</string>
			<key>isa</key>
			<string>XCConfigurationList</string>
		</dict>
		<key>7856FA9A1B9E01B40037E99F</key>
		<dict>
			<key>baseConfigurationReference</key>
			<string>C54CCCAEF296F3CE22637A62</string>
			<key>buildSettings</key>
			<dict>
				<key>GCC_PREPROCESSOR_DEFINITIONS</key>
				<array>
					<string>DEBUG=1</string>
					<string>$(inherited)</string>
				</array>
				<key>INFOPLIST_FILE</key>
				<string>CNLogoTests/Info.plist</string>
				<key>LD_RUNPATH_SEARCH_PATHS</key>
				<string>$(inherited) @executable_path/Frameworks @loader_path/Frameworks</string>
				<key>PRODUCT_BUNDLE_IDENTIFIER</key>
				<string>ru.complexnumbers.$(PRODUCT_NAME:rfc1034identifier)</string>
				<key>PRODUCT_NAME</key>
				<string>$(TARGET_NAME)</string>
			</dict>
			<key>isa</key>
			<string>XCBuildConfiguration</string>
			<key>name</key>
			<string>Debug</string>
		</dict>
		<key>7856FA9B1B9E01B40037E99F</key>
		<dict>
			<key>baseConfigurationReference</key>
			<string>602657654094446AFF2769FC</string>
			<key>buildSettings</key>
			<dict>
				<key>INFOPLIST_FILE</key>
				<string>CNLogoTests/Info.plist</string>
				<key>LD_RUNPATH_SEARCH_PATHS</key>
				<string>$(inherited) @executable_path/Frameworks @loader_path/Frameworks</string>
				<key>PRODUCT_BUNDLE_IDENTIFIER</key>
				<string>ru.complexnumbers.$(PRODUCT_NAME:rfc1034identifier)</string>
				<key>PRODUCT_NAME</key>
				<string>$(TARGET_NAME)</string>
			</dict>
			<key>isa</key>
			<string>XCBuildConfiguration</string>
			<key>name</key>
			<string>Release</string>
		</dict>
		<key>785E7A751BB475FB00998ADB</key>
		<dict>
			<key>fileEncoding</key>
			<string>4</string>
			<key>isa</key>
			<string>PBXFileReference</string>
			<key>lastKnownFileType</key>
			<string>sourcecode.swift</string>
			<key>path</key>
			<string>CNVisualElements.swift</string>
			<key>sourceTree</key>
			<string>&lt;group&gt;</string>
		</dict>
		<key>785E7A761BB475FB00998ADB</key>
		<dict>
			<key>fileRef</key>
			<string>785E7A751BB475FB00998ADB</string>
			<key>isa</key>
			<string>PBXBuildFile</string>
			<key>settings</key>
			<dict>
				<key>ASSET_TAGS</key>
				<array/>
			</dict>
		</dict>
		<key>785E7A771BB7F29100998ADB</key>
		<dict>
			<key>fileEncoding</key>
			<string>4</string>
			<key>isa</key>
			<string>PBXFileReference</string>
			<key>lastKnownFileType</key>
			<string>sourcecode.swift</string>
			<key>path</key>
			<string>CNBlockVisual.swift</string>
			<key>sourceTree</key>
			<string>&lt;group&gt;</string>
		</dict>
		<key>785E7A781BB7F29100998ADB</key>
		<dict>
			<key>fileRef</key>
			<string>785E7A771BB7F29100998ADB</string>
			<key>isa</key>
			<string>PBXBuildFile</string>
			<key>settings</key>
			<dict>
				<key>ASSET_TAGS</key>
				<array/>
			</dict>
		</dict>
		<key>78C0D35F1BB03D2B00CCCE70</key>
		<dict>
			<key>children</key>
			<array>
				<string>7856FA7E1B9E01B40037E99F</string>
				<string>78FDE94E1B9E1B2600AAFB1D</string>
				<string>78260EC91BB08B0C006ADF68</string>
				<string>78C0D3601BB03E2200CCCE70</string>
				<string>78C0D3CF1BB95E2800CCCE70</string>
				<string>7825FCFD1BC00C20004C2903</string>
				<string>7825FD011BC012BA004C2903</string>
			</array>
			<key>isa</key>
			<string>PBXGroup</string>
			<key>name</key>
			<string>User Interface</string>
			<key>sourceTree</key>
			<string>&lt;group&gt;</string>
		</dict>
		<key>78C0D3601BB03E2200CCCE70</key>
		<dict>
			<key>fileEncoding</key>
			<string>4</string>
			<key>isa</key>
			<string>PBXFileReference</string>
			<key>lastKnownFileType</key>
			<string>sourcecode.swift</string>
			<key>path</key>
			<string>CNProgramTableViewDataSource.swift</string>
			<key>sourceTree</key>
			<string>&lt;group&gt;</string>
		</dict>
		<key>78C0D3611BB03E2200CCCE70</key>
		<dict>
			<key>fileRef</key>
			<string>78C0D3601BB03E2200CCCE70</string>
			<key>isa</key>
			<string>PBXBuildFile</string>
			<key>settings</key>
			<dict>
				<key>ASSET_TAGS</key>
				<array/>
			</dict>
		</dict>
		<key>78C0D3A81BB940E300CCCE70</key>
		<dict>
			<key>isa</key>
			<string>PBXFileReference</string>
			<key>lastKnownFileType</key>
			<string>wrapper.pb-project</string>
			<key>path</key>
			<string>CNLogoCore.xcodeproj</string>
			<key>sourceTree</key>
			<string>&lt;group&gt;</string>
		</dict>
		<key>78C0D3A91BB940E300CCCE70</key>
		<dict>
			<key>children</key>
			<array>
				<string>78C0D3AE1BB940E300CCCE70</string>
				<string>78C0D3B01BB940E300CCCE70</string>
			</array>
			<key>isa</key>
			<string>PBXGroup</string>
			<key>name</key>
			<string>Products</string>
			<key>sourceTree</key>
			<string>&lt;group&gt;</string>
		</dict>
		<key>78C0D3AD1BB940E300CCCE70</key>
		<dict>
			<key>containerPortal</key>
			<string>78C0D3A81BB940E300CCCE70</string>
			<key>isa</key>
			<string>PBXContainerItemProxy</string>
			<key>proxyType</key>
			<string>2</string>
			<key>remoteGlobalIDString</key>
			<string>78C0D38E1BB9407200CCCE70</string>
			<key>remoteInfo</key>
			<string>CNLogoCore</string>
		</dict>
		<key>78C0D3AE1BB940E300CCCE70</key>
		<dict>
			<key>fileType</key>
			<string>wrapper.framework</string>
			<key>isa</key>
			<string>PBXReferenceProxy</string>
			<key>path</key>
			<string>CNLogoCore.framework</string>
			<key>remoteRef</key>
			<string>78C0D3AD1BB940E300CCCE70</string>
			<key>sourceTree</key>
			<string>BUILT_PRODUCTS_DIR</string>
		</dict>
		<key>78C0D3AF1BB940E300CCCE70</key>
		<dict>
			<key>containerPortal</key>
			<string>78C0D3A81BB940E300CCCE70</string>
			<key>isa</key>
			<string>PBXContainerItemProxy</string>
			<key>proxyType</key>
			<string>2</string>
			<key>remoteGlobalIDString</key>
			<string>78C0D3981BB9407200CCCE70</string>
			<key>remoteInfo</key>
			<string>CNLogoCoreTests</string>
		</dict>
		<key>78C0D3B01BB940E300CCCE70</key>
		<dict>
			<key>fileType</key>
			<string>wrapper.cfbundle</string>
			<key>isa</key>
			<string>PBXReferenceProxy</string>
			<key>path</key>
			<string>CNLogoCoreTests.xctest</string>
			<key>remoteRef</key>
			<string>78C0D3AF1BB940E300CCCE70</string>
			<key>sourceTree</key>
			<string>BUILT_PRODUCTS_DIR</string>
		</dict>
		<key>78C0D3B11BB9418300CCCE70</key>
		<dict>
			<key>fileRef</key>
			<string>78C0D3AE1BB940E300CCCE70</string>
			<key>isa</key>
			<string>PBXBuildFile</string>
		</dict>
		<key>78C0D3CE1BB95E1900CCCE70</key>
		<dict>
			<key>children</key>
			<array>
				<string>785E7A771BB7F29100998ADB</string>
				<string>785E7A751BB475FB00998ADB</string>
				<string>7825FD0D1BC13C82004C2903</string>
			</array>
			<key>isa</key>
			<string>PBXGroup</string>
			<key>name</key>
			<string>Classes</string>
			<key>sourceTree</key>
			<string>&lt;group&gt;</string>
		</dict>
		<key>78C0D3CF1BB95E2800CCCE70</key>
		<dict>
			<key>children</key>
			<array>
				<string>7856FA801B9E01B40037E99F</string>
				<string>7856FA831B9E01B40037E99F</string>
				<string>7856FA851B9E01B40037E99F</string>
			</array>
			<key>isa</key>
			<string>PBXGroup</string>
			<key>name</key>
			<string>Resources</string>
			<key>sourceTree</key>
			<string>&lt;group&gt;</string>
		</dict>
		<key>78FDE94E1B9E1B2600AAFB1D</key>
		<dict>
			<key>fileEncoding</key>
			<string>4</string>
			<key>isa</key>
			<string>PBXFileReference</string>
			<key>lastKnownFileType</key>
			<string>sourcecode.swift</string>
			<key>path</key>
			<string>CNFieldView.swift</string>
			<key>sourceTree</key>
			<string>&lt;group&gt;</string>
		</dict>
		<key>78FDE94F1B9E1B2600AAFB1D</key>
		<dict>
			<key>fileRef</key>
			<string>78FDE94E1B9E1B2600AAFB1D</string>
			<key>isa</key>
			<string>PBXBuildFile</string>
			<key>settings</key>
			<dict>
				<key>ASSET_TAGS</key>
				<array/>
			</dict>
		</dict>
		<key>84EC1A43D33EC1E3F7FE3104</key>
		<dict>
			<key>fileRef</key>
			<string>3B77F37B10D0E486DE96676D</string>
			<key>isa</key>
			<string>PBXBuildFile</string>
			<key>settings</key>
			<dict>
				<key>ATTRIBUTES</key>
				<array>
					<string>Weak</string>
				</array>
			</dict>
		</dict>
		<key>97EFE4D1E1111003301D910C</key>
		<dict>
			<key>buildActionMask</key>
			<string>2147483647</string>
			<key>files</key>
			<array/>
			<key>inputPaths</key>
			<array/>
			<key>isa</key>
			<string>PBXShellScriptBuildPhase</string>
			<key>name</key>
			<string>Check Pods Manifest.lock</string>
			<key>outputPaths</key>
			<array/>
			<key>runOnlyForDeploymentPostprocessing</key>
			<string>0</string>
			<key>shellPath</key>
			<string>/bin/sh</string>
			<key>shellScript</key>
			<string>diff "${PODS_ROOT}/../Podfile.lock" "${PODS_ROOT}/Manifest.lock" &gt; /dev/null
if [[ $? != 0 ]] ; then
    cat &lt;&lt; EOM
error: The sandbox is not in sync with the Podfile.lock. Run 'pod install' or update your CocoaPods installation.
EOM
    exit 1
fi
</string>
			<key>showEnvVarsInLog</key>
			<string>0</string>
		</dict>
		<key>AC5C8C89A01537ADB22F7FAA</key>
		<dict>
			<key>explicitFileType</key>
			<string>wrapper.framework</string>
			<key>includeInIndex</key>
			<string>0</string>
			<key>isa</key>
			<string>PBXFileReference</string>
			<key>path</key>
			<string>Pods.framework</string>
			<key>sourceTree</key>
			<string>BUILT_PRODUCTS_DIR</string>
		</dict>
		<key>B989B2914AC7026F8A6F03B1</key>
		<dict>
			<key>includeInIndex</key>
			<string>1</string>
			<key>isa</key>
			<string>PBXFileReference</string>
			<key>lastKnownFileType</key>
			<string>text.xcconfig</string>
			<key>name</key>
			<string>Pods.debug.xcconfig</string>
			<key>path</key>
			<string>Pods/Target Support Files/Pods/Pods.debug.xcconfig</string>
			<key>sourceTree</key>
			<string>&lt;group&gt;</string>
		</dict>
		<key>C54CCCAEF296F3CE22637A62</key>
		<dict>
			<key>includeInIndex</key>
			<string>1</string>
			<key>isa</key>
			<string>PBXFileReference</string>
			<key>lastKnownFileType</key>
			<string>text.xcconfig</string>
			<key>name</key>
			<string>Pods-CNLogoTests.debug.xcconfig</string>
			<key>path</key>
			<string>Pods/Target Support Files/Pods-CNLogoTests/Pods-CNLogoTests.debug.xcconfig</string>
			<key>sourceTree</key>
			<string>&lt;group&gt;</string>
		</dict>
		<key>C8C072BC8E904167F5F16AE6</key>
		<dict>
			<key>includeInIndex</key>
			<string>1</string>
			<key>isa</key>
			<string>PBXFileReference</string>
			<key>lastKnownFileType</key>
			<string>text.xcconfig</string>
			<key>name</key>
			<string>Pods.release.xcconfig</string>
			<key>path</key>
			<string>Pods/Target Support Files/Pods/Pods.release.xcconfig</string>
			<key>sourceTree</key>
			<string>&lt;group&gt;</string>
		</dict>
		<key>E018A227A91A0CE8ED10DB74</key>
		<dict>
			<key>buildActionMask</key>
			<string>2147483647</string>
			<key>files</key>
			<array/>
			<key>inputPaths</key>
			<array/>
			<key>isa</key>
			<string>PBXShellScriptBuildPhase</string>
			<key>name</key>
			<string>Copy Pods Resources</string>
			<key>outputPaths</key>
			<array/>
			<key>runOnlyForDeploymentPostprocessing</key>
			<string>0</string>
			<key>shellPath</key>
			<string>/bin/sh</string>
			<key>shellScript</key>
			<string>"${SRCROOT}/Pods/Target Support Files/Pods-CNLogoTests/Pods-CNLogoTests-resources.sh"
</string>
			<key>showEnvVarsInLog</key>
			<string>0</string>
		</dict>
	</dict>
	<key>rootObject</key>
	<string>7856FA6F1B9E01B40037E99F</string>
</dict>
</plist>
